
Microsoft Visual Studio Solution File, Format Version 12.00
# Visual Studio Version 17
VisualStudioVersion = 17.3.32929.385
MinimumVisualStudioVersion = 10.0.40219.1
Project("{FAE04EC0-301F-11D3-BF4B-00C04F79EFBC}") = "SimpleConverter", "SimpleConverter\SimpleConverter.csproj", "{3C91E579-4D89-42DA-8C84-99C40C6B9388}"
EndProject
Global
	GlobalSection(SolutionConfigurationPlatforms) = preSolution
		Debug|Any CPU = Debug|Any CPU
		Release|Any CPU = Release|Any CPU
	EndGlobalSection
	GlobalSection(ProjectConfigurationPlatforms) = postSolution
		{3C91E579-4D89-42DA-8C84-99C40C6B9388}.Debug|Any CPU.ActiveCfg = Debug|Any CPU
		{3C91E579-4D89-42DA-8C84-99C40C6B9388}.Debug|Any CPU.Build.0 = Debug|Any CPU
		{3C91E579-4D89-42DA-8C84-99C40C6B9388}.Release|Any CPU.ActiveCfg = Release|Any CPU
		{3C91E579-4D89-42DA-8C84-99C40C6B9388}.Release|Any CPU.Build.0 = Release|Any CPU
	EndGlobalSection
	GlobalSection(SolutionProperties) = preSolution
		HideSolutionNode = FALSE
	EndGlobalSection
	GlobalSection(ExtensibilityGlobals) = postSolution
		SolutionGuid = {3413A1DD-9E5D-4D87-9764-2586DB217B81}
	EndGlobalSection
EndGlobal
